
Microsoft Visual Studio Solution File, Format Version 12.00
# Visual Studio Version 16
VisualStudioVersion = 16.0.30002.166
MinimumVisualStudioVersion = 10.0.40219.1
Project("{9A19103F-16F7-4668-BE54-9A1E7A4F7556}") = "SexprForLinq", "src\SexprForLinq\SexprForLinq.csproj", "{CBA588FA-5FBF-40DD-8BA1-AEF42CD4A90F}"
EndProject
Project("{FAE04EC0-301F-11D3-BF4B-00C04F79EFBC}") = "SexprForLinq.Tests", "tests\SexprForLinq.Tests\SexprForLinq.Tests.csproj", "{19045CE5-27D9-493A-B01B-1EA82DE76E7D}"
EndProject
Project("{FAE04EC0-301F-11D3-BF4B-00C04F79EFBC}") = "SexprForLinq.Demo1", "demo\SexprForLinq.Demo1\SexprForLinq.Demo1.csproj", "{AD3F6AD7-5774-4F98-ADB8-8C6D7F1326C1}"
EndProject
Global
	GlobalSection(SolutionConfigurationPlatforms) = preSolution
		Debug|Any CPU = Debug|Any CPU
		Release|Any CPU = Release|Any CPU
	EndGlobalSection
	GlobalSection(ProjectConfigurationPlatforms) = postSolution
		{CBA588FA-5FBF-40DD-8BA1-AEF42CD4A90F}.Debug|Any CPU.ActiveCfg = Debug|Any CPU
		{CBA588FA-5FBF-40DD-8BA1-AEF42CD4A90F}.Debug|Any CPU.Build.0 = Debug|Any CPU
		{CBA588FA-5FBF-40DD-8BA1-AEF42CD4A90F}.Release|Any CPU.ActiveCfg = Release|Any CPU
		{CBA588FA-5FBF-40DD-8BA1-AEF42CD4A90F}.Release|Any CPU.Build.0 = Release|Any CPU
		{19045CE5-27D9-493A-B01B-1EA82DE76E7D}.Debug|Any CPU.ActiveCfg = Debug|Any CPU
		{19045CE5-27D9-493A-B01B-1EA82DE76E7D}.Debug|Any CPU.Build.0 = Debug|Any CPU
		{19045CE5-27D9-493A-B01B-1EA82DE76E7D}.Release|Any CPU.ActiveCfg = Release|Any CPU
		{19045CE5-27D9-493A-B01B-1EA82DE76E7D}.Release|Any CPU.Build.0 = Release|Any CPU
		{AD3F6AD7-5774-4F98-ADB8-8C6D7F1326C1}.Debug|Any CPU.ActiveCfg = Debug|Any CPU
		{AD3F6AD7-5774-4F98-ADB8-8C6D7F1326C1}.Debug|Any CPU.Build.0 = Debug|Any CPU
		{AD3F6AD7-5774-4F98-ADB8-8C6D7F1326C1}.Release|Any CPU.ActiveCfg = Release|Any CPU
		{AD3F6AD7-5774-4F98-ADB8-8C6D7F1326C1}.Release|Any CPU.Build.0 = Release|Any CPU
	EndGlobalSection
	GlobalSection(SolutionProperties) = preSolution
		HideSolutionNode = FALSE
	EndGlobalSection
	GlobalSection(ExtensibilityGlobals) = postSolution
		SolutionGuid = {CE16B601-7253-4812-9C1D-3071720A3504}
	EndGlobalSection
EndGlobal
