
Microsoft Visual Studio Solution File, Format Version 12.00
# Visual Studio 15
VisualStudioVersion = 15.0.26430.16
MinimumVisualStudioVersion = 10.0.40219.1
Project("{FAE04EC0-301F-11D3-BF4B-00C04F79EFBC}") = "SexpressionForLinq.Tests", "tests\SexpressionForLinq.Tests\SexpressionForLinq.Tests.csproj", "{19045CE5-27D9-493A-B01B-1EA82DE76E7D}"
EndProject
Project("{9A19103F-16F7-4668-BE54-9A1E7A4F7556}") = "SexpressionForLinq", "src\SexpressionForLinq\SexpressionForLinq.csproj", "{12CAF891-8762-41D1-BECB-C259EB9A1142}"
EndProject
Global
	GlobalSection(SolutionConfigurationPlatforms) = preSolution
		Debug|Any CPU = Debug|Any CPU
		Release|Any CPU = Release|Any CPU
	EndGlobalSection
	GlobalSection(ProjectConfigurationPlatforms) = postSolution
		{19045CE5-27D9-493A-B01B-1EA82DE76E7D}.Debug|Any CPU.ActiveCfg = Debug|Any CPU
		{19045CE5-27D9-493A-B01B-1EA82DE76E7D}.Debug|Any CPU.Build.0 = Debug|Any CPU
		{19045CE5-27D9-493A-B01B-1EA82DE76E7D}.Release|Any CPU.ActiveCfg = Release|Any CPU
		{19045CE5-27D9-493A-B01B-1EA82DE76E7D}.Release|Any CPU.Build.0 = Release|Any CPU
		{12CAF891-8762-41D1-BECB-C259EB9A1142}.Debug|Any CPU.ActiveCfg = Debug|Any CPU
		{12CAF891-8762-41D1-BECB-C259EB9A1142}.Debug|Any CPU.Build.0 = Debug|Any CPU
		{12CAF891-8762-41D1-BECB-C259EB9A1142}.Release|Any CPU.ActiveCfg = Release|Any CPU
		{12CAF891-8762-41D1-BECB-C259EB9A1142}.Release|Any CPU.Build.0 = Release|Any CPU
	EndGlobalSection
	GlobalSection(SolutionProperties) = preSolution
		HideSolutionNode = FALSE
	EndGlobalSection
EndGlobal
